
Microsoft Visual Studio Solution File, Format Version 12.00
# Visual Studio Version 16
VisualStudioVersion = 16.0.29409.12
MinimumVisualStudioVersion = 10.0.40219.1
Project("{2150E333-8FDC-42A3-9474-1A3956D46DE8}") = "Shared", "Shared", "{0EFB8CCB-F7E1-4703-A3C9-20F9BD5CB5BC}"
EndProject
Project("{2150E333-8FDC-42A3-9474-1A3956D46DE8}") = "Services", "Services", "{AA6A026A-8E98-4593-AC4C-C1E6B66B3BFC}"
EndProject
Project("{9A19103F-16F7-4668-BE54-9A1E7A4F7556}") = "Tornado.Shared", "Tornado.Shared\Tornado.Shared.csproj", "{2DF8ECC8-91FD-4238-A96A-183C853BCF6A}"
EndProject
Project("{9A19103F-16F7-4668-BE54-9A1E7A4F7556}") = "Tornado.Shared.Test", "Tornado.Shared.Test\Tornado.Shared.Test.csproj", "{0486C012-BFE2-455F-85D1-BB695AA9EA17}"
EndProject
Project("{2150E333-8FDC-42A3-9474-1A3956D46DE8}") = "Notification", "Notification", "{13F958C5-C910-4779-83F0-3F07276C8639}"
EndProject
Project("{2150E333-8FDC-42A3-9474-1A3956D46DE8}") = "Booking", "Booking", "{19C82AB2-909A-4A1D-9190-CDEB039C4F87}"
EndProject
Project("{9A19103F-16F7-4668-BE54-9A1E7A4F7556}") = "Booking.Api", "Booking.Api\Booking.Api.csproj", "{E14091D3-B0C2-47C8-8C59-3B579965123D}"
EndProject
Project("{9A19103F-16F7-4668-BE54-9A1E7A4F7556}") = "Booking.Core", "Booking.Core\Booking.Core.csproj", "{D199C0C0-6914-4D15-9A39-DDB3794BCFB5}"
EndProject
Project("{2150E333-8FDC-42A3-9474-1A3956D46DE8}") = "Gateways", "Gateways", "{6ECFF26D-99FE-4208-8E07-EA6322A88982}"
EndProject
Project("{9A19103F-16F7-4668-BE54-9A1E7A4F7556}") = "GIGWebGateWay", "GIGWebGateWay\GIGWebGateWay.csproj", "{B8688FE0-001F-4BA3-AC46-B79006F955C1}"
EndProject
Project("{9A19103F-16F7-4668-BE54-9A1E7A4F7556}") = "Notify.Api", "Notify.Api\Notify.Api.csproj", "{0C6FB692-239B-4549-ABBE-CC1F3914F4AA}"
EndProject
Project("{9A19103F-16F7-4668-BE54-9A1E7A4F7556}") = "Notify.Core", "Notify.Core\Notify.Core.csproj", "{60A0C4D3-C76B-4C47-8A3B-755548FAEE53}"
EndProject
Project("{2150E333-8FDC-42A3-9474-1A3956D46DE8}") = "Wallet", "Wallet", "{E518B8BD-6880-471C-B0D5-28A54DE5AA6B}"
EndProject
Project("{2150E333-8FDC-42A3-9474-1A3956D46DE8}") = "Audit", "Audit", "{C10515B7-6B7A-4802-9C94-A362DAE677FF}"
EndProject
Project("{9A19103F-16F7-4668-BE54-9A1E7A4F7556}") = "Booking.Tests", "Booking.Tests\Booking.Tests.csproj", "{EF876734-1E81-4EA5-97E7-51421CEBEA47}"
EndProject
Project("{9A19103F-16F7-4668-BE54-9A1E7A4F7556}") = "Wallet.Api", "Wallet.Api\Wallet.Api.csproj", "{718FB558-2B9B-4510-8D32-0A151B77B49C}"
EndProject
Project("{9A19103F-16F7-4668-BE54-9A1E7A4F7556}") = "Wallet.Core", "Wallet.Core\Wallet.Core.csproj", "{CBA152E4-708F-4ED8-A9B5-61DC621832CD}"
EndProject
Project("{2150E333-8FDC-42A3-9474-1A3956D46DE8}") = "UserManagement", "UserManagement", "{0D72A652-B9E5-408D-8080-8E71AE11035F}"
EndProject
Project("{9A19103F-16F7-4668-BE54-9A1E7A4F7556}") = "UserManagement.Api", "UserManagement.Api\UserManagement.Api.csproj", "{9B4AA7D6-F558-4F7B-BA67-911E3BB6D5CB}"
EndProject
Project("{9A19103F-16F7-4668-BE54-9A1E7A4F7556}") = "UserManagement.Core", "UserManagement.Core\UserManagement.Core.csproj", "{B1B2FCB1-ADDD-4248-9EEE-125E42E63B26}"
EndProject
Project("{9A19103F-16F7-4668-BE54-9A1E7A4F7556}") = "UserManagement.Tests", "UserManagement.Tests\UserManagement.Tests.csproj", "{5226BD83-33D6-43ED-BE55-7A4BDAED8A83}"
EndProject
Project("{9A19103F-16F7-4668-BE54-9A1E7A4F7556}") = "Booking.Payment.HttpAggregator", "Booking.Payment.HttpAggregator\Booking.Payment.HttpAggregator.csproj", "{71086F9E-27AA-4024-B9E0-086CF38C1ED8}"
EndProject
Project("{2150E333-8FDC-42A3-9474-1A3956D46DE8}") = "Solution Items", "Solution Items", "{3E306E3B-76CE-4205-8FF1-178452D46499}"
	ProjectSection(SolutionItems) = preProject
		.editorconfig = .editorconfig
	EndProjectSection
EndProject
Project("{9A19103F-16F7-4668-BE54-9A1E7A4F7556}") = "Booking.Payment.HttpAggregator.core", "Booking.Payment.HttpAggregator.core\Booking.Payment.HttpAggregator.core.csproj", "{1CB68DA5-26A1-4D34-8694-C41A70ACD172}"
EndProject
Project("{E53339B2-1760-4266-BCC7-CA923CBCF16C}") = "docker-compose", "docker-compose.dcproj", "{4006E763-5A13-4879-AC90-92058072B41A}"
EndProject
Project("{2150E333-8FDC-42A3-9474-1A3956D46DE8}") = "Booking.Payment", "Booking.Payment", "{E4B20CDF-1766-4542-AB34-1F440E5ECD0B}"
EndProject
Project("{2150E333-8FDC-42A3-9474-1A3956D46DE8}") = "Reports", "Reports", "{5BDF9807-C213-4E47-B1C7-0F6D564DF7D4}"
EndProject
Project("{9A19103F-16F7-4668-BE54-9A1E7A4F7556}") = "Audit.Api", "Audit.Api\Audit.Api.csproj", "{01455072-257D-4BC5-AEF7-D2C578E76A01}"
EndProject
Project("{9A19103F-16F7-4668-BE54-9A1E7A4F7556}") = "Audit.Core", "Audit.Core\Audit.Core.csproj", "{700A373F-D6D4-43F8-8FFF-2776B5AA80B8}"
EndProject
Project("{9A19103F-16F7-4668-BE54-9A1E7A4F7556}") = "Report.Api", "Report.Api\Report.Api.csproj", "{B500A684-AF8D-43C2-B86D-219D7F507739}"
EndProject
Project("{9A19103F-16F7-4668-BE54-9A1E7A4F7556}") = "Report.Core", "Report.Core\Report.Core.csproj", "{D03AFD54-FA66-4EC9-A33F-F5E53D6D62C1}"
EndProject
Project("{FAE04EC0-301F-11D3-BF4B-00C04F79EFBC}") = "Report.LiveDashboard.Tests", "Report.LiveDashboard.Tests\Report.LiveDashboard.Tests.csproj", "{D6A343DA-BB42-466A-851B-373083F84816}"
EndProject
Global
	GlobalSection(SolutionConfigurationPlatforms) = preSolution
		Debug|Any CPU = Debug|Any CPU
		Release|Any CPU = Release|Any CPU
	EndGlobalSection
	GlobalSection(ProjectConfigurationPlatforms) = postSolution
		{2DF8ECC8-91FD-4238-A96A-183C853BCF6A}.Debug|Any CPU.ActiveCfg = Debug|Any CPU
		{2DF8ECC8-91FD-4238-A96A-183C853BCF6A}.Debug|Any CPU.Build.0 = Debug|Any CPU
		{2DF8ECC8-91FD-4238-A96A-183C853BCF6A}.Release|Any CPU.ActiveCfg = Release|Any CPU
		{2DF8ECC8-91FD-4238-A96A-183C853BCF6A}.Release|Any CPU.Build.0 = Release|Any CPU
		{0486C012-BFE2-455F-85D1-BB695AA9EA17}.Debug|Any CPU.ActiveCfg = Debug|Any CPU
		{0486C012-BFE2-455F-85D1-BB695AA9EA17}.Debug|Any CPU.Build.0 = Debug|Any CPU
		{0486C012-BFE2-455F-85D1-BB695AA9EA17}.Release|Any CPU.ActiveCfg = Release|Any CPU
		{0486C012-BFE2-455F-85D1-BB695AA9EA17}.Release|Any CPU.Build.0 = Release|Any CPU
		{E14091D3-B0C2-47C8-8C59-3B579965123D}.Debug|Any CPU.ActiveCfg = Debug|Any CPU
		{E14091D3-B0C2-47C8-8C59-3B579965123D}.Debug|Any CPU.Build.0 = Debug|Any CPU
		{E14091D3-B0C2-47C8-8C59-3B579965123D}.Release|Any CPU.ActiveCfg = Release|Any CPU
		{E14091D3-B0C2-47C8-8C59-3B579965123D}.Release|Any CPU.Build.0 = Release|Any CPU
		{D199C0C0-6914-4D15-9A39-DDB3794BCFB5}.Debug|Any CPU.ActiveCfg = Debug|Any CPU
		{D199C0C0-6914-4D15-9A39-DDB3794BCFB5}.Debug|Any CPU.Build.0 = Debug|Any CPU
		{D199C0C0-6914-4D15-9A39-DDB3794BCFB5}.Release|Any CPU.ActiveCfg = Release|Any CPU
		{D199C0C0-6914-4D15-9A39-DDB3794BCFB5}.Release|Any CPU.Build.0 = Release|Any CPU
		{B8688FE0-001F-4BA3-AC46-B79006F955C1}.Debug|Any CPU.ActiveCfg = Debug|Any CPU
		{B8688FE0-001F-4BA3-AC46-B79006F955C1}.Debug|Any CPU.Build.0 = Debug|Any CPU
		{B8688FE0-001F-4BA3-AC46-B79006F955C1}.Release|Any CPU.ActiveCfg = Release|Any CPU
		{B8688FE0-001F-4BA3-AC46-B79006F955C1}.Release|Any CPU.Build.0 = Release|Any CPU
		{0C6FB692-239B-4549-ABBE-CC1F3914F4AA}.Debug|Any CPU.ActiveCfg = Debug|Any CPU
		{0C6FB692-239B-4549-ABBE-CC1F3914F4AA}.Debug|Any CPU.Build.0 = Debug|Any CPU
		{0C6FB692-239B-4549-ABBE-CC1F3914F4AA}.Release|Any CPU.ActiveCfg = Release|Any CPU
		{0C6FB692-239B-4549-ABBE-CC1F3914F4AA}.Release|Any CPU.Build.0 = Release|Any CPU
		{60A0C4D3-C76B-4C47-8A3B-755548FAEE53}.Debug|Any CPU.ActiveCfg = Debug|Any CPU
		{60A0C4D3-C76B-4C47-8A3B-755548FAEE53}.Debug|Any CPU.Build.0 = Debug|Any CPU
		{60A0C4D3-C76B-4C47-8A3B-755548FAEE53}.Release|Any CPU.ActiveCfg = Release|Any CPU
		{60A0C4D3-C76B-4C47-8A3B-755548FAEE53}.Release|Any CPU.Build.0 = Release|Any CPU
		{EF876734-1E81-4EA5-97E7-51421CEBEA47}.Debug|Any CPU.ActiveCfg = Debug|Any CPU
		{EF876734-1E81-4EA5-97E7-51421CEBEA47}.Debug|Any CPU.Build.0 = Debug|Any CPU
		{EF876734-1E81-4EA5-97E7-51421CEBEA47}.Release|Any CPU.ActiveCfg = Release|Any CPU
		{EF876734-1E81-4EA5-97E7-51421CEBEA47}.Release|Any CPU.Build.0 = Release|Any CPU
		{718FB558-2B9B-4510-8D32-0A151B77B49C}.Debug|Any CPU.ActiveCfg = Debug|Any CPU
		{718FB558-2B9B-4510-8D32-0A151B77B49C}.Debug|Any CPU.Build.0 = Debug|Any CPU
		{718FB558-2B9B-4510-8D32-0A151B77B49C}.Release|Any CPU.ActiveCfg = Release|Any CPU
		{718FB558-2B9B-4510-8D32-0A151B77B49C}.Release|Any CPU.Build.0 = Release|Any CPU
		{CBA152E4-708F-4ED8-A9B5-61DC621832CD}.Debug|Any CPU.ActiveCfg = Debug|Any CPU
		{CBA152E4-708F-4ED8-A9B5-61DC621832CD}.Debug|Any CPU.Build.0 = Debug|Any CPU
		{CBA152E4-708F-4ED8-A9B5-61DC621832CD}.Release|Any CPU.ActiveCfg = Release|Any CPU
		{CBA152E4-708F-4ED8-A9B5-61DC621832CD}.Release|Any CPU.Build.0 = Release|Any CPU
		{9B4AA7D6-F558-4F7B-BA67-911E3BB6D5CB}.Debug|Any CPU.ActiveCfg = Debug|Any CPU
		{9B4AA7D6-F558-4F7B-BA67-911E3BB6D5CB}.Debug|Any CPU.Build.0 = Debug|Any CPU
		{9B4AA7D6-F558-4F7B-BA67-911E3BB6D5CB}.Release|Any CPU.ActiveCfg = Release|Any CPU
		{9B4AA7D6-F558-4F7B-BA67-911E3BB6D5CB}.Release|Any CPU.Build.0 = Release|Any CPU
		{B1B2FCB1-ADDD-4248-9EEE-125E42E63B26}.Debug|Any CPU.ActiveCfg = Debug|Any CPU
		{B1B2FCB1-ADDD-4248-9EEE-125E42E63B26}.Debug|Any CPU.Build.0 = Debug|Any CPU
		{B1B2FCB1-ADDD-4248-9EEE-125E42E63B26}.Release|Any CPU.ActiveCfg = Release|Any CPU
		{B1B2FCB1-ADDD-4248-9EEE-125E42E63B26}.Release|Any CPU.Build.0 = Release|Any CPU
		{5226BD83-33D6-43ED-BE55-7A4BDAED8A83}.Debug|Any CPU.ActiveCfg = Debug|Any CPU
		{5226BD83-33D6-43ED-BE55-7A4BDAED8A83}.Debug|Any CPU.Build.0 = Debug|Any CPU
		{5226BD83-33D6-43ED-BE55-7A4BDAED8A83}.Release|Any CPU.ActiveCfg = Release|Any CPU
		{5226BD83-33D6-43ED-BE55-7A4BDAED8A83}.Release|Any CPU.Build.0 = Release|Any CPU
		{71086F9E-27AA-4024-B9E0-086CF38C1ED8}.Debug|Any CPU.ActiveCfg = Debug|Any CPU
		{71086F9E-27AA-4024-B9E0-086CF38C1ED8}.Debug|Any CPU.Build.0 = Debug|Any CPU
		{71086F9E-27AA-4024-B9E0-086CF38C1ED8}.Release|Any CPU.ActiveCfg = Release|Any CPU
		{71086F9E-27AA-4024-B9E0-086CF38C1ED8}.Release|Any CPU.Build.0 = Release|Any CPU
		{1CB68DA5-26A1-4D34-8694-C41A70ACD172}.Debug|Any CPU.ActiveCfg = Debug|Any CPU
		{1CB68DA5-26A1-4D34-8694-C41A70ACD172}.Debug|Any CPU.Build.0 = Debug|Any CPU
		{1CB68DA5-26A1-4D34-8694-C41A70ACD172}.Release|Any CPU.ActiveCfg = Release|Any CPU
		{1CB68DA5-26A1-4D34-8694-C41A70ACD172}.Release|Any CPU.Build.0 = Release|Any CPU
		{4006E763-5A13-4879-AC90-92058072B41A}.Debug|Any CPU.ActiveCfg = Debug|Any CPU
		{4006E763-5A13-4879-AC90-92058072B41A}.Debug|Any CPU.Build.0 = Debug|Any CPU
		{4006E763-5A13-4879-AC90-92058072B41A}.Release|Any CPU.ActiveCfg = Release|Any CPU
		{4006E763-5A13-4879-AC90-92058072B41A}.Release|Any CPU.Build.0 = Release|Any CPU
		{01455072-257D-4BC5-AEF7-D2C578E76A01}.Debug|Any CPU.ActiveCfg = Debug|Any CPU
		{01455072-257D-4BC5-AEF7-D2C578E76A01}.Debug|Any CPU.Build.0 = Debug|Any CPU
		{01455072-257D-4BC5-AEF7-D2C578E76A01}.Release|Any CPU.ActiveCfg = Release|Any CPU
		{01455072-257D-4BC5-AEF7-D2C578E76A01}.Release|Any CPU.Build.0 = Release|Any CPU
		{700A373F-D6D4-43F8-8FFF-2776B5AA80B8}.Debug|Any CPU.ActiveCfg = Debug|Any CPU
		{700A373F-D6D4-43F8-8FFF-2776B5AA80B8}.Debug|Any CPU.Build.0 = Debug|Any CPU
		{700A373F-D6D4-43F8-8FFF-2776B5AA80B8}.Release|Any CPU.ActiveCfg = Release|Any CPU
		{700A373F-D6D4-43F8-8FFF-2776B5AA80B8}.Release|Any CPU.Build.0 = Release|Any CPU
		{B500A684-AF8D-43C2-B86D-219D7F507739}.Debug|Any CPU.ActiveCfg = Debug|Any CPU
		{B500A684-AF8D-43C2-B86D-219D7F507739}.Debug|Any CPU.Build.0 = Debug|Any CPU
		{B500A684-AF8D-43C2-B86D-219D7F507739}.Release|Any CPU.ActiveCfg = Release|Any CPU
		{B500A684-AF8D-43C2-B86D-219D7F507739}.Release|Any CPU.Build.0 = Release|Any CPU
		{D03AFD54-FA66-4EC9-A33F-F5E53D6D62C1}.Debug|Any CPU.ActiveCfg = Debug|Any CPU
		{D03AFD54-FA66-4EC9-A33F-F5E53D6D62C1}.Debug|Any CPU.Build.0 = Debug|Any CPU
		{D03AFD54-FA66-4EC9-A33F-F5E53D6D62C1}.Release|Any CPU.ActiveCfg = Release|Any CPU
		{D03AFD54-FA66-4EC9-A33F-F5E53D6D62C1}.Release|Any CPU.Build.0 = Release|Any CPU
		{D6A343DA-BB42-466A-851B-373083F84816}.Debug|Any CPU.ActiveCfg = Debug|Any CPU
		{D6A343DA-BB42-466A-851B-373083F84816}.Debug|Any CPU.Build.0 = Debug|Any CPU
		{D6A343DA-BB42-466A-851B-373083F84816}.Release|Any CPU.ActiveCfg = Release|Any CPU
		{D6A343DA-BB42-466A-851B-373083F84816}.Release|Any CPU.Build.0 = Release|Any CPU
	EndGlobalSection
	GlobalSection(SolutionProperties) = preSolution
		HideSolutionNode = FALSE
	EndGlobalSection
	GlobalSection(NestedProjects) = preSolution
		{2DF8ECC8-91FD-4238-A96A-183C853BCF6A} = {0EFB8CCB-F7E1-4703-A3C9-20F9BD5CB5BC}
		{0486C012-BFE2-455F-85D1-BB695AA9EA17} = {0EFB8CCB-F7E1-4703-A3C9-20F9BD5CB5BC}
		{13F958C5-C910-4779-83F0-3F07276C8639} = {AA6A026A-8E98-4593-AC4C-C1E6B66B3BFC}
		{19C82AB2-909A-4A1D-9190-CDEB039C4F87} = {AA6A026A-8E98-4593-AC4C-C1E6B66B3BFC}
		{E14091D3-B0C2-47C8-8C59-3B579965123D} = {19C82AB2-909A-4A1D-9190-CDEB039C4F87}
		{D199C0C0-6914-4D15-9A39-DDB3794BCFB5} = {19C82AB2-909A-4A1D-9190-CDEB039C4F87}
		{B8688FE0-001F-4BA3-AC46-B79006F955C1} = {6ECFF26D-99FE-4208-8E07-EA6322A88982}
		{0C6FB692-239B-4549-ABBE-CC1F3914F4AA} = {13F958C5-C910-4779-83F0-3F07276C8639}
		{60A0C4D3-C76B-4C47-8A3B-755548FAEE53} = {13F958C5-C910-4779-83F0-3F07276C8639}
		{E518B8BD-6880-471C-B0D5-28A54DE5AA6B} = {AA6A026A-8E98-4593-AC4C-C1E6B66B3BFC}
		{C10515B7-6B7A-4802-9C94-A362DAE677FF} = {AA6A026A-8E98-4593-AC4C-C1E6B66B3BFC}
		{EF876734-1E81-4EA5-97E7-51421CEBEA47} = {19C82AB2-909A-4A1D-9190-CDEB039C4F87}
		{718FB558-2B9B-4510-8D32-0A151B77B49C} = {E518B8BD-6880-471C-B0D5-28A54DE5AA6B}
		{CBA152E4-708F-4ED8-A9B5-61DC621832CD} = {E518B8BD-6880-471C-B0D5-28A54DE5AA6B}
		{0D72A652-B9E5-408D-8080-8E71AE11035F} = {AA6A026A-8E98-4593-AC4C-C1E6B66B3BFC}
		{9B4AA7D6-F558-4F7B-BA67-911E3BB6D5CB} = {0D72A652-B9E5-408D-8080-8E71AE11035F}
		{B1B2FCB1-ADDD-4248-9EEE-125E42E63B26} = {0D72A652-B9E5-408D-8080-8E71AE11035F}
		{5226BD83-33D6-43ED-BE55-7A4BDAED8A83} = {0D72A652-B9E5-408D-8080-8E71AE11035F}
		{71086F9E-27AA-4024-B9E0-086CF38C1ED8} = {E4B20CDF-1766-4542-AB34-1F440E5ECD0B}
		{1CB68DA5-26A1-4D34-8694-C41A70ACD172} = {E4B20CDF-1766-4542-AB34-1F440E5ECD0B}
		{E4B20CDF-1766-4542-AB34-1F440E5ECD0B} = {6ECFF26D-99FE-4208-8E07-EA6322A88982}
		{5BDF9807-C213-4E47-B1C7-0F6D564DF7D4} = {AA6A026A-8E98-4593-AC4C-C1E6B66B3BFC}
		{01455072-257D-4BC5-AEF7-D2C578E76A01} = {C10515B7-6B7A-4802-9C94-A362DAE677FF}
		{700A373F-D6D4-43F8-8FFF-2776B5AA80B8} = {C10515B7-6B7A-4802-9C94-A362DAE677FF}
		{B500A684-AF8D-43C2-B86D-219D7F507739} = {5BDF9807-C213-4E47-B1C7-0F6D564DF7D4}
		{D03AFD54-FA66-4EC9-A33F-F5E53D6D62C1} = {5BDF9807-C213-4E47-B1C7-0F6D564DF7D4}
		{D6A343DA-BB42-466A-851B-373083F84816} = {5BDF9807-C213-4E47-B1C7-0F6D564DF7D4}
	EndGlobalSection
	GlobalSection(ExtensibilityGlobals) = postSolution
		SolutionGuid = {7C4BF4BE-B6E2-472E-9E90-42841154A431}
	EndGlobalSection
EndGlobal
